schema: '2.0'
stages:
  data cleaning:
    cmd: python .\src\data\step_1_FlatsDataset_cleaning.py .\data\raw\flats.xlsx
    deps:
    - path: .\data\raw\flats.xlsx
      hash: md5
      md5: 6f8659f4f64d5299dcb9753b1979cfa8
      size: 952330
    - path: .\src\data\step_1_FlatsDataset_cleaning.py
      hash: md5
      md5: 983b99eb19f14a49aa2a0164f301dfb2
      size: 3328
  step_1_FlatsDataset_cleaning:
    cmd: python .\src\data\step_1_FlatsDataset_cleaning.py .\data\raw\flats.xlsx
    deps:
    - path: .\data\raw\flats.xlsx
      hash: md5
      md5: 6f8659f4f64d5299dcb9753b1979cfa8
      size: 952330
    - path: .\src\data\step_1_FlatsDataset_cleaning.py
      hash: md5
      md5: 983b99eb19f14a49aa2a0164f301dfb2
      size: 3328
  step_2_Independent_HousesDatset_cleaning:
    cmd: python .\src\data\step_2_Independent_HousesDatset_cleaning.py .\data\raw\independent-house.xlsx
    deps:
    - path: .\data\raw\independent-house.xlsx
      hash: md5
      md5: 2fcaa8e5d8ad2b5b027caab60bca021c
      size: 374096
    - path: .\src\data\step_2_Independent_HousesDatset_cleaning.py
      hash: md5
      md5: a3ebc7c69d384b9830bb48e2e63f73e0
      size: 3051
  step_3_merge_flats_and_house:
    cmd: python .\src\data\step_3_merge_flats_and_house.py .\data\processed\
    deps:
    - path: .\data\processed\
      hash: md5
      md5: 2b08ad687d394076860d4782b684ca0a.dir
      size: 19924449
      nfiles: 9
    - path: .\src\data\step_3_merge_flats_and_house.py
      hash: md5
      md5: 5e3180a3eebeda88c2c1b857c3a226d4
      size: 934
  step_4_data_preprocessing_level_2:
    cmd: python .\src\data\step_4_data_preprocessing_level_2.py .\data\processed\
    deps:
    - path: .\data\processed\
      hash: md5
      md5: 2b08ad687d394076860d4782b684ca0a.dir
      size: 19924449
      nfiles: 9
    - path: .\src\data\step_4_data_preprocessing_level_2.py
      hash: md5
      md5: 1445fbf5fea1b8b73e5eb70dea592e2b
      size: 6854
  step_5_Feature_Engineering:
    cmd: python .\src\features\step_5_Feature_Engineering.py .\data\processed\gurgaon_properties_cleaned_v1.csv
      .\data\raw\appartments (1).csv
    deps:
    - path: .\data\processed\gurgaon_properties_cleaned_v1.csv
      hash: md5
      md5: 98350a1c3eda2d1d693d26dc67cb4e2e
      size: 3900964
    - path: .\data\raw\appartments (1).csv
      hash: md5
      md5: 0973dd4bd85442c26003fb77c63f3544
      size: 272474
    - path: .\src\features\step_5_Feature_Engineering.py
      hash: md5
      md5: 7af941648705c7cb33790fbaaa111d86
      size: 14571
  step_8_Outlier_Treatment:
    cmd: python .\src\data\step_8_Outlier_Treatment.py .\data\processed\gurgaon_properties_cleaned_v2.csv
    deps:
    - path: .\data\processed\gurgaon_properties_cleaned_v2.csv
      hash: md5
      md5: 24d2097a46f660d466114edd5d47ade1
      size: 691600
    - path: .\src\data\step_8_Outlier_Treatment.py
      hash: md5
      md5: f794a4c1899a43684bd164912f2f27de
      size: 5725
  step_9_missing_value_imputation:
    cmd: python .\src\data\step_9_missing_value_imputation.py .\data\processed\gurgaon_properties_outliers_trated.csv
    deps:
    - path: .\data\processed\gurgaon_properties_outliers_trated.csv
      hash: md5
      md5: ca3d31d507de785f09210b1bdbb9ac8a
      size: 709109
    - path: .\src\data\step_9_missing_value_imputation.py
      hash: md5
      md5: 8629dce4eb8b0ede77c3c0e324aaf85a
      size: 6661
  step_10_feture_selection_and_feature_engineering:
    cmd: python .\src\features\step_10_feture_selection_and_feature_engineering.py
      .\data\processed\gurgaon_properties_post_feature_selection.csv
    deps:
    - path: .\data\processed\gurgaon_properties_post_feature_selection.csv
      hash: md5
      md5: e229a331b010bedaf8e289f95372a22e
      size: 231648
    - path: .\src\features\step_10_feture_selection_and_feature_engineering.py
      hash: md5
      md5: ae5e4093468f9630b18f6acd7fe7ec8d
      size: 2962
  step_11_model_trainig:
    cmd: python .\src\models\train_model.py .\data\processed\gurgaon_properties_post_feature_selection.csv
    deps:
    - path: .\data\processed\gurgaon_properties_post_feature_selection.csv
      hash: md5
      md5: e229a331b010bedaf8e289f95372a22e
      size: 231648
    - path: .\src\models\train_model.py
      hash: md5
      md5: c02b7a51adcfcb52537d018fe623b0df
      size: 7034
