schema: '2.0'
stages:
  data cleaning:
    cmd: python .\src\data\step_1_FlatsDataset_cleaning.py .\data\raw\flats.xlsx
    deps:
    - path: .\data\raw\flats.xlsx
      hash: md5
      md5: 6f8659f4f64d5299dcb9753b1979cfa8
      size: 952330
    - path: .\src\data\step_1_FlatsDataset_cleaning.py
      hash: md5
      md5: 983b99eb19f14a49aa2a0164f301dfb2
      size: 3328
